
Microsoft Visual Studio Solution File, Format Version 12.00
# Visual Studio Version 16
VisualStudioVersion = 16.0.28922.388
MinimumVisualStudioVersion = 10.0.40219.1
Project("{FAE04EC0-301F-11D3-BF4B-00C04F79EFBC}") = "WCF client", "WSWCF\WCF client.csproj", "{A1F8DB1E-4F6C-4588-A534-41F7165F0F05}"
EndProject
Project("{FAE04EC0-301F-11D3-BF4B-00C04F79EFBC}") = "Contract", "Contract\Contract.csproj", "{D52BAD67-2D1B-4343-9FBB-092DB9F8836D}"
EndProject
Project("{FAE04EC0-301F-11D3-BF4B-00C04F79EFBC}") = "Server", "Server\Server.csproj", "{B054116C-5A29-46EC-A53C-600F629FA9D8}"
EndProject
Project("{FAE04EC0-301F-11D3-BF4B-00C04F79EFBC}") = "Service", "Service\Service.csproj", "{584372F5-82F6-4D0E-8C53-D7BE0A95F3DE}"
EndProject
Global
	GlobalSection(SolutionConfigurationPlatforms) = preSolution
		Debug|Any CPU = Debug|Any CPU
		Release|Any CPU = Release|Any CPU
	EndGlobalSection
	GlobalSection(ProjectConfigurationPlatforms) = postSolution
		{A1F8DB1E-4F6C-4588-A534-41F7165F0F05}.Debug|Any CPU.ActiveCfg = Debug|Any CPU
		{A1F8DB1E-4F6C-4588-A534-41F7165F0F05}.Debug|Any CPU.Build.0 = Debug|Any CPU
		{A1F8DB1E-4F6C-4588-A534-41F7165F0F05}.Release|Any CPU.ActiveCfg = Release|Any CPU
		{A1F8DB1E-4F6C-4588-A534-41F7165F0F05}.Release|Any CPU.Build.0 = Release|Any CPU
		{D52BAD67-2D1B-4343-9FBB-092DB9F8836D}.Debug|Any CPU.ActiveCfg = Debug|Any CPU
		{D52BAD67-2D1B-4343-9FBB-092DB9F8836D}.Debug|Any CPU.Build.0 = Debug|Any CPU
		{D52BAD67-2D1B-4343-9FBB-092DB9F8836D}.Release|Any CPU.ActiveCfg = Release|Any CPU
		{D52BAD67-2D1B-4343-9FBB-092DB9F8836D}.Release|Any CPU.Build.0 = Release|Any CPU
		{B054116C-5A29-46EC-A53C-600F629FA9D8}.Debug|Any CPU.ActiveCfg = Debug|Any CPU
		{B054116C-5A29-46EC-A53C-600F629FA9D8}.Debug|Any CPU.Build.0 = Debug|Any CPU
		{B054116C-5A29-46EC-A53C-600F629FA9D8}.Release|Any CPU.ActiveCfg = Release|Any CPU
		{B054116C-5A29-46EC-A53C-600F629FA9D8}.Release|Any CPU.Build.0 = Release|Any CPU
		{584372F5-82F6-4D0E-8C53-D7BE0A95F3DE}.Debug|Any CPU.ActiveCfg = Debug|Any CPU
		{584372F5-82F6-4D0E-8C53-D7BE0A95F3DE}.Debug|Any CPU.Build.0 = Debug|Any CPU
		{584372F5-82F6-4D0E-8C53-D7BE0A95F3DE}.Release|Any CPU.ActiveCfg = Release|Any CPU
		{584372F5-82F6-4D0E-8C53-D7BE0A95F3DE}.Release|Any CPU.Build.0 = Release|Any CPU
	EndGlobalSection
	GlobalSection(SolutionProperties) = preSolution
		HideSolutionNode = FALSE
	EndGlobalSection
	GlobalSection(ExtensibilityGlobals) = postSolution
		SolutionGuid = {FC6A9ACC-574E-4B60-A57E-2F147AA77E1F}
	EndGlobalSection
EndGlobal
